
Microsoft Visual Studio Solution File, Format Version 12.00
# Visual Studio Version 16
VisualStudioVersion = 16.0.33529.622
MinimumVisualStudioVersion = 10.0.40219.1
Project("{9A19103F-16F7-4668-BE54-9A1E7A4F7556}") = "ToDo", "ToDo.csproj", "{21C4AD95-E447-4199-8159-79661024803B}"
EndProject
Global
	GlobalSection(SolutionConfigurationPlatforms) = preSolution
		Debug|Any CPU = Debug|Any CPU
		Release|Any CPU = Release|Any CPU
	EndGlobalSection
	GlobalSection(ProjectConfigurationPlatforms) = postSolution
		{21C4AD95-E447-4199-8159-79661024803B}.Debug|Any CPU.ActiveCfg = Debug|Any CPU
		{21C4AD95-E447-4199-8159-79661024803B}.Debug|Any CPU.Build.0 = Debug|Any CPU
		{21C4AD95-E447-4199-8159-79661024803B}.Release|Any CPU.ActiveCfg = Release|Any CPU
		{21C4AD95-E447-4199-8159-79661024803B}.Release|Any CPU.Build.0 = Release|Any CPU
	EndGlobalSection
	GlobalSection(SolutionProperties) = preSolution
		HideSolutionNode = FALSE
	EndGlobalSection
	GlobalSection(ExtensibilityGlobals) = postSolution
		SolutionGuid = {FD7F4181-5C95-4CD0-A847-49C2B4454AE5}
	EndGlobalSection
EndGlobal
